
Microsoft Visual Studio Solution File, Format Version 12.00
# Visual Studio Version 16
VisualStudioVersion = 16.0.31729.503
MinimumVisualStudioVersion = 10.0.40219.1
Project("{FAE04EC0-301F-11D3-BF4B-00C04F79EFBC}") = "zjednodusenísoperatory_2", "zjednodusenísoperatory_2\zjednodusenísoperatory_2.csproj", "{11C821D9-75D4-458A-9CE7-9A07CE70EAFA}"
EndProject
Global
	GlobalSection(SolutionConfigurationPlatforms) = preSolution
		Debug|Any CPU = Debug|Any CPU
		Release|Any CPU = Release|Any CPU
	EndGlobalSection
	GlobalSection(ProjectConfigurationPlatforms) = postSolution
		{11C821D9-75D4-458A-9CE7-9A07CE70EAFA}.Debug|Any CPU.ActiveCfg = Debug|Any CPU
		{11C821D9-75D4-458A-9CE7-9A07CE70EAFA}.Debug|Any CPU.Build.0 = Debug|Any CPU
		{11C821D9-75D4-458A-9CE7-9A07CE70EAFA}.Release|Any CPU.ActiveCfg = Release|Any CPU
		{11C821D9-75D4-458A-9CE7-9A07CE70EAFA}.Release|Any CPU.Build.0 = Release|Any CPU
	EndGlobalSection
	GlobalSection(SolutionProperties) = preSolution
		HideSolutionNode = FALSE
	EndGlobalSection
	GlobalSection(ExtensibilityGlobals) = postSolution
		SolutionGuid = {E4AA1F74-DF29-4B1C-8F7B-64F9A0DA2E23}
	EndGlobalSection
EndGlobal
