
Microsoft Visual Studio Solution File, Format Version 12.00
# Visual Studio Version 16
VisualStudioVersion = 16.0.31729.503
MinimumVisualStudioVersion = 10.0.40219.1
Project("{FAE04EC0-301F-11D3-BF4B-00C04F79EFBC}") = "nasobilka_bezcyklu", "nasobilka_bezcyklu\nasobilka_bezcyklu.csproj", "{04DEEEFA-59C7-46D5-AEC0-119AAF588DB0}"
EndProject
Global
	GlobalSection(SolutionConfigurationPlatforms) = preSolution
		Debug|Any CPU = Debug|Any CPU
		Release|Any CPU = Release|Any CPU
	EndGlobalSection
	GlobalSection(ProjectConfigurationPlatforms) = postSolution
		{04DEEEFA-59C7-46D5-AEC0-119AAF588DB0}.Debug|Any CPU.ActiveCfg = Debug|Any CPU
		{04DEEEFA-59C7-46D5-AEC0-119AAF588DB0}.Debug|Any CPU.Build.0 = Debug|Any CPU
		{04DEEEFA-59C7-46D5-AEC0-119AAF588DB0}.Release|Any CPU.ActiveCfg = Release|Any CPU
		{04DEEEFA-59C7-46D5-AEC0-119AAF588DB0}.Release|Any CPU.Build.0 = Release|Any CPU
	EndGlobalSection
	GlobalSection(SolutionProperties) = preSolution
		HideSolutionNode = FALSE
	EndGlobalSection
	GlobalSection(ExtensibilityGlobals) = postSolution
		SolutionGuid = {55DFC683-BF5C-40FF-92FF-1A529CA1D416}
	EndGlobalSection
EndGlobal
