
Microsoft Visual Studio Solution File, Format Version 12.00
# Visual Studio Version 16
VisualStudioVersion = 16.0.31729.503
MinimumVisualStudioVersion = 10.0.40219.1
Project("{FAE04EC0-301F-11D3-BF4B-00C04F79EFBC}") = "cisladodeseti", "cisladodeseti\cisladodeseti.csproj", "{D1B1CB8C-8789-4DA9-967A-6D72BFFE4194}"
EndProject
Global
	GlobalSection(SolutionConfigurationPlatforms) = preSolution
		Debug|Any CPU = Debug|Any CPU
		Release|Any CPU = Release|Any CPU
	EndGlobalSection
	GlobalSection(ProjectConfigurationPlatforms) = postSolution
		{D1B1CB8C-8789-4DA9-967A-6D72BFFE4194}.Debug|Any CPU.ActiveCfg = Debug|Any CPU
		{D1B1CB8C-8789-4DA9-967A-6D72BFFE4194}.Debug|Any CPU.Build.0 = Debug|Any CPU
		{D1B1CB8C-8789-4DA9-967A-6D72BFFE4194}.Release|Any CPU.ActiveCfg = Release|Any CPU
		{D1B1CB8C-8789-4DA9-967A-6D72BFFE4194}.Release|Any CPU.Build.0 = Release|Any CPU
	EndGlobalSection
	GlobalSection(SolutionProperties) = preSolution
		HideSolutionNode = FALSE
	EndGlobalSection
	GlobalSection(ExtensibilityGlobals) = postSolution
		SolutionGuid = {CC06DE4A-64BD-45C1-91DD-53E038B34CC9}
	EndGlobalSection
EndGlobal
