
Microsoft Visual Studio Solution File, Format Version 12.00
# Visual Studio Version 16
VisualStudioVersion = 16.0.31729.503
MinimumVisualStudioVersion = 10.0.40219.1
Project("{FAE04EC0-301F-11D3-BF4B-00C04F79EFBC}") = "operatorplusplus", "operatorplusplus\operatorplusplus.csproj", "{19526FED-030B-4765-9CB4-75B2BF6B21A9}"
EndProject
Global
	GlobalSection(SolutionConfigurationPlatforms) = preSolution
		Debug|Any CPU = Debug|Any CPU
		Release|Any CPU = Release|Any CPU
	EndGlobalSection
	GlobalSection(ProjectConfigurationPlatforms) = postSolution
		{19526FED-030B-4765-9CB4-75B2BF6B21A9}.Debug|Any CPU.ActiveCfg = Debug|Any CPU
		{19526FED-030B-4765-9CB4-75B2BF6B21A9}.Debug|Any CPU.Build.0 = Debug|Any CPU
		{19526FED-030B-4765-9CB4-75B2BF6B21A9}.Release|Any CPU.ActiveCfg = Release|Any CPU
		{19526FED-030B-4765-9CB4-75B2BF6B21A9}.Release|Any CPU.Build.0 = Release|Any CPU
	EndGlobalSection
	GlobalSection(SolutionProperties) = preSolution
		HideSolutionNode = FALSE
	EndGlobalSection
	GlobalSection(ExtensibilityGlobals) = postSolution
		SolutionGuid = {66F87CD6-2EDE-43AB-BDA8-B1A860B1FB44}
	EndGlobalSection
EndGlobal
