
Microsoft Visual Studio Solution File, Format Version 12.00
# Visual Studio Version 16
VisualStudioVersion = 16.0.31729.503
MinimumVisualStudioVersion = 10.0.40219.1
Project("{FAE04EC0-301F-11D3-BF4B-00C04F79EFBC}") = "mocninator", "mocninator\mocninator.csproj", "{5D541ECC-B726-4568-AE74-9ECA5F111880}"
EndProject
Global
	GlobalSection(SolutionConfigurationPlatforms) = preSolution
		Debug|Any CPU = Debug|Any CPU
		Release|Any CPU = Release|Any CPU
	EndGlobalSection
	GlobalSection(ProjectConfigurationPlatforms) = postSolution
		{5D541ECC-B726-4568-AE74-9ECA5F111880}.Debug|Any CPU.ActiveCfg = Debug|Any CPU
		{5D541ECC-B726-4568-AE74-9ECA5F111880}.Debug|Any CPU.Build.0 = Debug|Any CPU
		{5D541ECC-B726-4568-AE74-9ECA5F111880}.Release|Any CPU.ActiveCfg = Release|Any CPU
		{5D541ECC-B726-4568-AE74-9ECA5F111880}.Release|Any CPU.Build.0 = Release|Any CPU
	EndGlobalSection
	GlobalSection(SolutionProperties) = preSolution
		HideSolutionNode = FALSE
	EndGlobalSection
	GlobalSection(ExtensibilityGlobals) = postSolution
		SolutionGuid = {D6F802BC-3353-4494-BC75-DB4A05D1A190}
	EndGlobalSection
EndGlobal
